{
  "name": "blue-bus",
  "version": "1.0.0",
  "lockfileVersion": 1,
  "requires": true,
  "dependencies": {
    "miniprograms-navigation-bar": {
      "version": "1.0.1",
      "resolved": "https://registry.npmjs.org/miniprograms-navigation-bar/-/miniprograms-navigation-bar-1.0.1.tgz",
      "integrity": "sha512-aWytqLrSK2hya6fKpDJqpuiSwkMkguuPvoEZDc74TV7Z1cw9/gIxLWszFkEg3+r2belX+RQaasut96ZqtPyf5Q=="
    }
  }
}
